
Microsoft Visual Studio Solution File, Format Version 9.00
# Visual Studio 2005
Project("{FAE04EC0-301F-11D3-BF4B-00C04F79EFBC}") = "polymorphism proxy", "polymorphism proxy\polymorphism proxy.csproj", "{28AE1623-DFE2-4410-9325-FA6F7504ADC3}"
EndProject
Project("{FAE04EC0-301F-11D3-BF4B-00C04F79EFBC}") = "imaginary friends", "imaginary friends\imaginary friends.csproj", "{C4237517-509F-428B-9747-7EE13DE3B43D}"
EndProject
Global
	GlobalSection(SolutionConfigurationPlatforms) = preSolution
		Debug|Any CPU = Debug|Any CPU
		Release|Any CPU = Release|Any CPU
	EndGlobalSection
	GlobalSection(ProjectConfigurationPlatforms) = postSolution
		{28AE1623-DFE2-4410-9325-FA6F7504ADC3}.Debug|Any CPU.ActiveCfg = Debug|Any CPU
		{28AE1623-DFE2-4410-9325-FA6F7504ADC3}.Debug|Any CPU.Build.0 = Debug|Any CPU
		{28AE1623-DFE2-4410-9325-FA6F7504ADC3}.Release|Any CPU.ActiveCfg = Release|Any CPU
		{28AE1623-DFE2-4410-9325-FA6F7504ADC3}.Release|Any CPU.Build.0 = Release|Any CPU
		{C4237517-509F-428B-9747-7EE13DE3B43D}.Debug|Any CPU.ActiveCfg = Debug|Any CPU
		{C4237517-509F-428B-9747-7EE13DE3B43D}.Debug|Any CPU.Build.0 = Debug|Any CPU
		{C4237517-509F-428B-9747-7EE13DE3B43D}.Release|Any CPU.ActiveCfg = Release|Any CPU
		{C4237517-509F-428B-9747-7EE13DE3B43D}.Release|Any CPU.Build.0 = Release|Any CPU
	EndGlobalSection
	GlobalSection(SolutionProperties) = preSolution
		HideSolutionNode = FALSE
	EndGlobalSection
EndGlobal
